
Microsoft Visual Studio Solution File, Format Version 12.00
# Visual Studio 15
VisualStudioVersion = 15.0.28307.1145
MinimumVisualStudioVersion = 10.0.40219.1
Project("{FAE04EC0-301F-11D3-BF4B-00C04F79EFBC}") = "PvApp.Android", "PvApp\PvApp.Android\PvApp.Android.csproj", "{E1543758-CF39-4309-B35E-CDCFBEFAF1B8}"
EndProject
Project("{FAE04EC0-301F-11D3-BF4B-00C04F79EFBC}") = "PvApp.iOS", "PvApp\PvApp.iOS\PvApp.iOS.csproj", "{27AE8397-5BAF-4356-8D78-B0733B6897BA}"
EndProject
Project("{9A19103F-16F7-4668-BE54-9A1E7A4F7556}") = "PvApp", "PvApp\PvApp\PvApp.csproj", "{731ED5E9-B426-4226-95AA-80FBDC186756}"
EndProject
Global
	GlobalSection(SolutionConfigurationPlatforms) = preSolution
		Ad-Hoc|Any CPU = Ad-Hoc|Any CPU
		Ad-Hoc|ARM = Ad-Hoc|ARM
		Ad-Hoc|iPhone = Ad-Hoc|iPhone
		Ad-Hoc|iPhoneSimulator = Ad-Hoc|iPhoneSimulator
		Ad-Hoc|x64 = Ad-Hoc|x64
		Ad-Hoc|x86 = Ad-Hoc|x86
		AppStore|Any CPU = AppStore|Any CPU
		AppStore|ARM = AppStore|ARM
		AppStore|iPhone = AppStore|iPhone
		AppStore|iPhoneSimulator = AppStore|iPhoneSimulator
		AppStore|x64 = AppStore|x64
		AppStore|x86 = AppStore|x86
		Debug|Any CPU = Debug|Any CPU
		Debug|ARM = Debug|ARM
		Debug|iPhone = Debug|iPhone
		Debug|iPhoneSimulator = Debug|iPhoneSimulator
		Debug|x64 = Debug|x64
		Debug|x86 = Debug|x86
		Release|Any CPU = Release|Any CPU
		Release|ARM = Release|ARM
		Release|iPhone = Release|iPhone
		Release|iPhoneSimulator = Release|iPhoneSimulator
		Release|x64 = Release|x64
		Release|x86 = Release|x86
	EndGlobalSection
	GlobalSection(ProjectConfigurationPlatforms) = postSolution
		{E1543758-CF39-4309-B35E-CDCFBEFAF1B8}.Ad-Hoc|Any CPU.ActiveCfg = Release|Any CPU
		{E1543758-CF39-4309-B35E-CDCFBEFAF1B8}.Ad-Hoc|Any CPU.Build.0 = Release|Any CPU
		{E1543758-CF39-4309-B35E-CDCFBEFAF1B8}.Ad-Hoc|Any CPU.Deploy.0 = Release|Any CPU
		{E1543758-CF39-4309-B35E-CDCFBEFAF1B8}.Ad-Hoc|ARM.ActiveCfg = Release|Any CPU
		{E1543758-CF39-4309-B35E-CDCFBEFAF1B8}.Ad-Hoc|ARM.Build.0 = Release|Any CPU
		{E1543758-CF39-4309-B35E-CDCFBEFAF1B8}.Ad-Hoc|ARM.Deploy.0 = Release|Any CPU
		{E1543758-CF39-4309-B35E-CDCFBEFAF1B8}.Ad-Hoc|iPhone.ActiveCfg = Release|Any CPU
		{E1543758-CF39-4309-B35E-CDCFBEFAF1B8}.Ad-Hoc|iPhone.Build.0 = Release|Any CPU
		{E1543758-CF39-4309-B35E-CDCFBEFAF1B8}.Ad-Hoc|iPhone.Deploy.0 = Release|Any CPU
		{E1543758-CF39-4309-B35E-CDCFBEFAF1B8}.Ad-Hoc|iPhoneSimulator.ActiveCfg = Release|Any CPU
		{E1543758-CF39-4309-B35E-CDCFBEFAF1B8}.Ad-Hoc|iPhoneSimulator.Build.0 = Release|Any CPU
		{E1543758-CF39-4309-B35E-CDCFBEFAF1B8}.Ad-Hoc|iPhoneSimulator.Deploy.0 = Release|Any CPU
		{E1543758-CF39-4309-B35E-CDCFBEFAF1B8}.Ad-Hoc|x64.ActiveCfg = Release|Any CPU
		{E1543758-CF39-4309-B35E-CDCFBEFAF1B8}.Ad-Hoc|x64.Build.0 = Release|Any CPU
		{E1543758-CF39-4309-B35E-CDCFBEFAF1B8}.Ad-Hoc|x64.Deploy.0 = Release|Any CPU
		{E1543758-CF39-4309-B35E-CDCFBEFAF1B8}.Ad-Hoc|x86.ActiveCfg = Release|Any CPU
		{E1543758-CF39-4309-B35E-CDCFBEFAF1B8}.Ad-Hoc|x86.Build.0 = Release|Any CPU
		{E1543758-CF39-4309-B35E-CDCFBEFAF1B8}.Ad-Hoc|x86.Deploy.0 = Release|Any CPU
		{E1543758-CF39-4309-B35E-CDCFBEFAF1B8}.AppStore|Any CPU.ActiveCfg = Release|Any CPU
		{E1543758-CF39-4309-B35E-CDCFBEFAF1B8}.AppStore|Any CPU.Build.0 = Release|Any CPU
		{E1543758-CF39-4309-B35E-CDCFBEFAF1B8}.AppStore|Any CPU.Deploy.0 = Release|Any CPU
		{E1543758-CF39-4309-B35E-CDCFBEFAF1B8}.AppStore|ARM.ActiveCfg = Release|Any CPU
		{E1543758-CF39-4309-B35E-CDCFBEFAF1B8}.AppStore|ARM.Build.0 = Release|Any CPU
		{E1543758-CF39-4309-B35E-CDCFBEFAF1B8}.AppStore|ARM.Deploy.0 = Release|Any CPU
		{E1543758-CF39-4309-B35E-CDCFBEFAF1B8}.AppStore|iPhone.ActiveCfg = Release|Any CPU
		{E1543758-CF39-4309-B35E-CDCFBEFAF1B8}.AppStore|iPhone.Build.0 = Release|Any CPU
		{E1543758-CF39-4309-B35E-CDCFBEFAF1B8}.AppStore|iPhone.Deploy.0 = Release|Any CPU
		{E1543758-CF39-4309-B35E-CDCFBEFAF1B8}.AppStore|iPhoneSimulator.ActiveCfg = Release|Any CPU
		{E1543758-CF39-4309-B35E-CDCFBEFAF1B8}.AppStore|iPhoneSimulator.Build.0 = Release|Any CPU
		{E1543758-CF39-4309-B35E-CDCFBEFAF1B8}.AppStore|iPhoneSimulator.Deploy.0 = Release|Any CPU
		{E1543758-CF39-4309-B35E-CDCFBEFAF1B8}.AppStore|x64.ActiveCfg = Release|Any CPU
		{E1543758-CF39-4309-B35E-CDCFBEFAF1B8}.AppStore|x64.Build.0 = Release|Any CPU
		{E1543758-CF39-4309-B35E-CDCFBEFAF1B8}.AppStore|x64.Deploy.0 = Release|Any CPU
		{E1543758-CF39-4309-B35E-CDCFBEFAF1B8}.AppStore|x86.ActiveCfg = Release|Any CPU
		{E1543758-CF39-4309-B35E-CDCFBEFAF1B8}.AppStore|x86.Build.0 = Release|Any CPU
		{E1543758-CF39-4309-B35E-CDCFBEFAF1B8}.AppStore|x86.Deploy.0 = Release|Any CPU
		{E1543758-CF39-4309-B35E-CDCFBEFAF1B8}.Debug|Any CPU.ActiveCfg = Debug|Any CPU
		{E1543758-CF39-4309-B35E-CDCFBEFAF1B8}.Debug|Any CPU.Build.0 = Debug|Any CPU
		{E1543758-CF39-4309-B35E-CDCFBEFAF1B8}.Debug|Any CPU.Deploy.0 = Debug|Any CPU
		{E1543758-CF39-4309-B35E-CDCFBEFAF1B8}.Debug|ARM.ActiveCfg = Debug|Any CPU
		{E1543758-CF39-4309-B35E-CDCFBEFAF1B8}.Debug|ARM.Build.0 = Debug|Any CPU
		{E1543758-CF39-4309-B35E-CDCFBEFAF1B8}.Debug|ARM.Deploy.0 = Debug|Any CPU
		{E1543758-CF39-4309-B35E-CDCFBEFAF1B8}.Debug|iPhone.ActiveCfg = Debug|Any CPU
		{E1543758-CF39-4309-B35E-CDCFBEFAF1B8}.Debug|iPhone.Build.0 = Debug|Any CPU
		{E1543758-CF39-4309-B35E-CDCFBEFAF1B8}.Debug|iPhone.Deploy.0 = Debug|Any CPU
		{E1543758-CF39-4309-B35E-CDCFBEFAF1B8}.Debug|iPhoneSimulator.ActiveCfg = Debug|Any CPU
		{E1543758-CF39-4309-B35E-CDCFBEFAF1B8}.Debug|iPhoneSimulator.Build.0 = Debug|Any CPU
		{E1543758-CF39-4309-B35E-CDCFBEFAF1B8}.Debug|iPhoneSimulator.Deploy.0 = Debug|Any CPU
		{E1543758-CF39-4309-B35E-CDCFBEFAF1B8}.Debug|x64.ActiveCfg = Debug|Any CPU
		{E1543758-CF39-4309-B35E-CDCFBEFAF1B8}.Debug|x64.Build.0 = Debug|Any CPU
		{E1543758-CF39-4309-B35E-CDCFBEFAF1B8}.Debug|x64.Deploy.0 = Debug|Any CPU
		{E1543758-CF39-4309-B35E-CDCFBEFAF1B8}.Debug|x86.ActiveCfg = Debug|Any CPU
		{E1543758-CF39-4309-B35E-CDCFBEFAF1B8}.Debug|x86.Build.0 = Debug|Any CPU
		{E1543758-CF39-4309-B35E-CDCFBEFAF1B8}.Debug|x86.Deploy.0 = Debug|Any CPU
		{E1543758-CF39-4309-B35E-CDCFBEFAF1B8}.Release|Any CPU.ActiveCfg = Release|Any CPU
		{E1543758-CF39-4309-B35E-CDCFBEFAF1B8}.Release|Any CPU.Build.0 = Release|Any CPU
		{E1543758-CF39-4309-B35E-CDCFBEFAF1B8}.Release|Any CPU.Deploy.0 = Release|Any CPU
		{E1543758-CF39-4309-B35E-CDCFBEFAF1B8}.Release|ARM.ActiveCfg = Release|Any CPU
		{E1543758-CF39-4309-B35E-CDCFBEFAF1B8}.Release|ARM.Build.0 = Release|Any CPU
		{E1543758-CF39-4309-B35E-CDCFBEFAF1B8}.Release|ARM.Deploy.0 = Release|Any CPU
		{E1543758-CF39-4309-B35E-CDCFBEFAF1B8}.Release|iPhone.ActiveCfg = Release|Any CPU
		{E1543758-CF39-4309-B35E-CDCFBEFAF1B8}.Release|iPhone.Build.0 = Release|Any CPU
		{E1543758-CF39-4309-B35E-CDCFBEFAF1B8}.Release|iPhone.Deploy.0 = Release|Any CPU
		{E1543758-CF39-4309-B35E-CDCFBEFAF1B8}.Release|iPhoneSimulator.ActiveCfg = Release|Any CPU
		{E1543758-CF39-4309-B35E-CDCFBEFAF1B8}.Release|iPhoneSimulator.Build.0 = Release|Any CPU
		{E1543758-CF39-4309-B35E-CDCFBEFAF1B8}.Release|iPhoneSimulator.Deploy.0 = Release|Any CPU
		{E1543758-CF39-4309-B35E-CDCFBEFAF1B8}.Release|x64.ActiveCfg = Release|Any CPU
		{E1543758-CF39-4309-B35E-CDCFBEFAF1B8}.Release|x64.Build.0 = Release|Any CPU
		{E1543758-CF39-4309-B35E-CDCFBEFAF1B8}.Release|x64.Deploy.0 = Release|Any CPU
		{E1543758-CF39-4309-B35E-CDCFBEFAF1B8}.Release|x86.ActiveCfg = Release|Any CPU
		{E1543758-CF39-4309-B35E-CDCFBEFAF1B8}.Release|x86.Build.0 = Release|Any CPU
		{E1543758-CF39-4309-B35E-CDCFBEFAF1B8}.Release|x86.Deploy.0 = Release|Any CPU
		{27AE8397-5BAF-4356-8D78-B0733B6897BA}.Ad-Hoc|Any CPU.ActiveCfg = Ad-Hoc|iPhone
		{27AE8397-5BAF-4356-8D78-B0733B6897BA}.Ad-Hoc|Any CPU.Build.0 = Ad-Hoc|iPhone
		{27AE8397-5BAF-4356-8D78-B0733B6897BA}.Ad-Hoc|Any CPU.Deploy.0 = Ad-Hoc|iPhone
		{27AE8397-5BAF-4356-8D78-B0733B6897BA}.Ad-Hoc|ARM.ActiveCfg = Ad-Hoc|iPhone
		{27AE8397-5BAF-4356-8D78-B0733B6897BA}.Ad-Hoc|ARM.Build.0 = Ad-Hoc|iPhone
		{27AE8397-5BAF-4356-8D78-B0733B6897BA}.Ad-Hoc|ARM.Deploy.0 = Ad-Hoc|iPhone
		{27AE8397-5BAF-4356-8D78-B0733B6897BA}.Ad-Hoc|iPhone.ActiveCfg = Ad-Hoc|iPhone
		{27AE8397-5BAF-4356-8D78-B0733B6897BA}.Ad-Hoc|iPhone.Build.0 = Ad-Hoc|iPhone
		{27AE8397-5BAF-4356-8D78-B0733B6897BA}.Ad-Hoc|iPhone.Deploy.0 = Ad-Hoc|iPhone
		{27AE8397-5BAF-4356-8D78-B0733B6897BA}.Ad-Hoc|iPhoneSimulator.ActiveCfg = Ad-Hoc|iPhoneSimulator
		{27AE8397-5BAF-4356-8D78-B0733B6897BA}.Ad-Hoc|iPhoneSimulator.Build.0 = Ad-Hoc|iPhoneSimulator
		{27AE8397-5BAF-4356-8D78-B0733B6897BA}.Ad-Hoc|iPhoneSimulator.Deploy.0 = Ad-Hoc|iPhoneSimulator
		{27AE8397-5BAF-4356-8D78-B0733B6897BA}.Ad-Hoc|x64.ActiveCfg = Ad-Hoc|iPhone
		{27AE8397-5BAF-4356-8D78-B0733B6897BA}.Ad-Hoc|x64.Build.0 = Ad-Hoc|iPhone
		{27AE8397-5BAF-4356-8D78-B0733B6897BA}.Ad-Hoc|x64.Deploy.0 = Ad-Hoc|iPhone
		{27AE8397-5BAF-4356-8D78-B0733B6897BA}.Ad-Hoc|x86.ActiveCfg = Ad-Hoc|iPhone
		{27AE8397-5BAF-4356-8D78-B0733B6897BA}.Ad-Hoc|x86.Build.0 = Ad-Hoc|iPhone
		{27AE8397-5BAF-4356-8D78-B0733B6897BA}.Ad-Hoc|x86.Deploy.0 = Ad-Hoc|iPhone
		{27AE8397-5BAF-4356-8D78-B0733B6897BA}.AppStore|Any CPU.ActiveCfg = AppStore|iPhone
		{27AE8397-5BAF-4356-8D78-B0733B6897BA}.AppStore|Any CPU.Build.0 = AppStore|iPhone
		{27AE8397-5BAF-4356-8D78-B0733B6897BA}.AppStore|Any CPU.Deploy.0 = AppStore|iPhone
		{27AE8397-5BAF-4356-8D78-B0733B6897BA}.AppStore|ARM.ActiveCfg = AppStore|iPhone
		{27AE8397-5BAF-4356-8D78-B0733B6897BA}.AppStore|ARM.Build.0 = AppStore|iPhone
		{27AE8397-5BAF-4356-8D78-B0733B6897BA}.AppStore|ARM.Deploy.0 = AppStore|iPhone
		{27AE8397-5BAF-4356-8D78-B0733B6897BA}.AppStore|iPhone.ActiveCfg = AppStore|iPhone
		{27AE8397-5BAF-4356-8D78-B0733B6897BA}.AppStore|iPhone.Build.0 = AppStore|iPhone
		{27AE8397-5BAF-4356-8D78-B0733B6897BA}.AppStore|iPhone.Deploy.0 = AppStore|iPhone
		{27AE8397-5BAF-4356-8D78-B0733B6897BA}.AppStore|iPhoneSimulator.ActiveCfg = AppStore|iPhoneSimulator
		{27AE8397-5BAF-4356-8D78-B0733B6897BA}.AppStore|iPhoneSimulator.Build.0 = AppStore|iPhoneSimulator
		{27AE8397-5BAF-4356-8D78-B0733B6897BA}.AppStore|iPhoneSimulator.Deploy.0 = AppStore|iPhoneSimulator
		{27AE8397-5BAF-4356-8D78-B0733B6897BA}.AppStore|x64.ActiveCfg = AppStore|iPhone
		{27AE8397-5BAF-4356-8D78-B0733B6897BA}.AppStore|x64.Build.0 = AppStore|iPhone
		{27AE8397-5BAF-4356-8D78-B0733B6897BA}.AppStore|x64.Deploy.0 = AppStore|iPhone
		{27AE8397-5BAF-4356-8D78-B0733B6897BA}.AppStore|x86.ActiveCfg = AppStore|iPhone
		{27AE8397-5BAF-4356-8D78-B0733B6897BA}.AppStore|x86.Build.0 = AppStore|iPhone
		{27AE8397-5BAF-4356-8D78-B0733B6897BA}.AppStore|x86.Deploy.0 = AppStore|iPhone
		{27AE8397-5BAF-4356-8D78-B0733B6897BA}.Debug|Any CPU.ActiveCfg = Debug|iPhoneSimulator
		{27AE8397-5BAF-4356-8D78-B0733B6897BA}.Debug|Any CPU.Build.0 = Debug|iPhoneSimulator
		{27AE8397-5BAF-4356-8D78-B0733B6897BA}.Debug|Any CPU.Deploy.0 = Debug|iPhoneSimulator
		{27AE8397-5BAF-4356-8D78-B0733B6897BA}.Debug|ARM.ActiveCfg = Debug|iPhone
		{27AE8397-5BAF-4356-8D78-B0733B6897BA}.Debug|ARM.Build.0 = Debug|iPhone
		{27AE8397-5BAF-4356-8D78-B0733B6897BA}.Debug|ARM.Deploy.0 = Debug|iPhone
		{27AE8397-5BAF-4356-8D78-B0733B6897BA}.Debug|iPhone.ActiveCfg = Debug|iPhone
		{27AE8397-5BAF-4356-8D78-B0733B6897BA}.Debug|iPhone.Build.0 = Debug|iPhone
		{27AE8397-5BAF-4356-8D78-B0733B6897BA}.Debug|iPhone.Deploy.0 = Debug|iPhone
		{27AE8397-5BAF-4356-8D78-B0733B6897BA}.Debug|iPhoneSimulator.ActiveCfg = Debug|iPhoneSimulator
		{27AE8397-5BAF-4356-8D78-B0733B6897BA}.Debug|iPhoneSimulator.Build.0 = Debug|iPhoneSimulator
		{27AE8397-5BAF-4356-8D78-B0733B6897BA}.Debug|iPhoneSimulator.Deploy.0 = Debug|iPhoneSimulator
		{27AE8397-5BAF-4356-8D78-B0733B6897BA}.Debug|x64.ActiveCfg = Debug|iPhone
		{27AE8397-5BAF-4356-8D78-B0733B6897BA}.Debug|x64.Build.0 = Debug|iPhone
		{27AE8397-5BAF-4356-8D78-B0733B6897BA}.Debug|x64.Deploy.0 = Debug|iPhone
		{27AE8397-5BAF-4356-8D78-B0733B6897BA}.Debug|x86.ActiveCfg = Debug|iPhone
		{27AE8397-5BAF-4356-8D78-B0733B6897BA}.Debug|x86.Build.0 = Debug|iPhone
		{27AE8397-5BAF-4356-8D78-B0733B6897BA}.Debug|x86.Deploy.0 = Debug|iPhone
		{27AE8397-5BAF-4356-8D78-B0733B6897BA}.Release|Any CPU.ActiveCfg = Release|iPhone
		{27AE8397-5BAF-4356-8D78-B0733B6897BA}.Release|Any CPU.Build.0 = Release|iPhone
		{27AE8397-5BAF-4356-8D78-B0733B6897BA}.Release|Any CPU.Deploy.0 = Release|iPhone
		{27AE8397-5BAF-4356-8D78-B0733B6897BA}.Release|ARM.ActiveCfg = Release|iPhone
		{27AE8397-5BAF-4356-8D78-B0733B6897BA}.Release|ARM.Build.0 = Release|iPhone
		{27AE8397-5BAF-4356-8D78-B0733B6897BA}.Release|ARM.Deploy.0 = Release|iPhone
		{27AE8397-5BAF-4356-8D78-B0733B6897BA}.Release|iPhone.ActiveCfg = Release|iPhone
		{27AE8397-5BAF-4356-8D78-B0733B6897BA}.Release|iPhone.Build.0 = Release|iPhone
		{27AE8397-5BAF-4356-8D78-B0733B6897BA}.Release|iPhone.Deploy.0 = Release|iPhone
		{27AE8397-5BAF-4356-8D78-B0733B6897BA}.Release|iPhoneSimulator.ActiveCfg = Release|iPhoneSimulator
		{27AE8397-5BAF-4356-8D78-B0733B6897BA}.Release|iPhoneSimulator.Build.0 = Release|iPhoneSimulator
		{27AE8397-5BAF-4356-8D78-B0733B6897BA}.Release|iPhoneSimulator.Deploy.0 = Release|iPhoneSimulator
		{27AE8397-5BAF-4356-8D78-B0733B6897BA}.Release|x64.ActiveCfg = Release|iPhone
		{27AE8397-5BAF-4356-8D78-B0733B6897BA}.Release|x64.Build.0 = Release|iPhone
		{27AE8397-5BAF-4356-8D78-B0733B6897BA}.Release|x64.Deploy.0 = Release|iPhone
		{27AE8397-5BAF-4356-8D78-B0733B6897BA}.Release|x86.ActiveCfg = Release|iPhone
		{27AE8397-5BAF-4356-8D78-B0733B6897BA}.Release|x86.Build.0 = Release|iPhone
		{27AE8397-5BAF-4356-8D78-B0733B6897BA}.Release|x86.Deploy.0 = Release|iPhone
		{731ED5E9-B426-4226-95AA-80FBDC186756}.Ad-Hoc|Any CPU.ActiveCfg = Debug|Any CPU
		{731ED5E9-B426-4226-95AA-80FBDC186756}.Ad-Hoc|Any CPU.Build.0 = Debug|Any CPU
		{731ED5E9-B426-4226-95AA-80FBDC186756}.Ad-Hoc|Any CPU.Deploy.0 = Debug|Any CPU
		{731ED5E9-B426-4226-95AA-80FBDC186756}.Ad-Hoc|ARM.ActiveCfg = Debug|Any CPU
		{731ED5E9-B426-4226-95AA-80FBDC186756}.Ad-Hoc|ARM.Build.0 = Debug|Any CPU
		{731ED5E9-B426-4226-95AA-80FBDC186756}.Ad-Hoc|ARM.Deploy.0 = Debug|Any CPU
		{731ED5E9-B426-4226-95AA-80FBDC186756}.Ad-Hoc|iPhone.ActiveCfg = Debug|Any CPU
		{731ED5E9-B426-4226-95AA-80FBDC186756}.Ad-Hoc|iPhone.Build.0 = Debug|Any CPU
		{731ED5E9-B426-4226-95AA-80FBDC186756}.Ad-Hoc|iPhone.Deploy.0 = Debug|Any CPU
		{731ED5E9-B426-4226-95AA-80FBDC186756}.Ad-Hoc|iPhoneSimulator.ActiveCfg = Debug|Any CPU
		{731ED5E9-B426-4226-95AA-80FBDC186756}.Ad-Hoc|iPhoneSimulator.Build.0 = Debug|Any CPU
		{731ED5E9-B426-4226-95AA-80FBDC186756}.Ad-Hoc|iPhoneSimulator.Deploy.0 = Debug|Any CPU
		{731ED5E9-B426-4226-95AA-80FBDC186756}.Ad-Hoc|x64.ActiveCfg = Debug|Any CPU
		{731ED5E9-B426-4226-95AA-80FBDC186756}.Ad-Hoc|x64.Build.0 = Debug|Any CPU
		{731ED5E9-B426-4226-95AA-80FBDC186756}.Ad-Hoc|x64.Deploy.0 = Debug|Any CPU
		{731ED5E9-B426-4226-95AA-80FBDC186756}.Ad-Hoc|x86.ActiveCfg = Debug|Any CPU
		{731ED5E9-B426-4226-95AA-80FBDC186756}.Ad-Hoc|x86.Build.0 = Debug|Any CPU
		{731ED5E9-B426-4226-95AA-80FBDC186756}.Ad-Hoc|x86.Deploy.0 = Debug|Any CPU
		{731ED5E9-B426-4226-95AA-80FBDC186756}.AppStore|Any CPU.ActiveCfg = Debug|Any CPU
		{731ED5E9-B426-4226-95AA-80FBDC186756}.AppStore|Any CPU.Build.0 = Debug|Any CPU
		{731ED5E9-B426-4226-95AA-80FBDC186756}.AppStore|Any CPU.Deploy.0 = Debug|Any CPU
		{731ED5E9-B426-4226-95AA-80FBDC186756}.AppStore|ARM.ActiveCfg = Debug|Any CPU
		{731ED5E9-B426-4226-95AA-80FBDC186756}.AppStore|ARM.Build.0 = Debug|Any CPU
		{731ED5E9-B426-4226-95AA-80FBDC186756}.AppStore|ARM.Deploy.0 = Debug|Any CPU
		{731ED5E9-B426-4226-95AA-80FBDC186756}.AppStore|iPhone.ActiveCfg = Debug|Any CPU
		{731ED5E9-B426-4226-95AA-80FBDC186756}.AppStore|iPhone.Build.0 = Debug|Any CPU
		{731ED5E9-B426-4226-95AA-80FBDC186756}.AppStore|iPhone.Deploy.0 = Debug|Any CPU
		{731ED5E9-B426-4226-95AA-80FBDC186756}.AppStore|iPhoneSimulator.ActiveCfg = Debug|Any CPU
		{731ED5E9-B426-4226-95AA-80FBDC186756}.AppStore|iPhoneSimulator.Build.0 = Debug|Any CPU
		{731ED5E9-B426-4226-95AA-80FBDC186756}.AppStore|iPhoneSimulator.Deploy.0 = Debug|Any CPU
		{731ED5E9-B426-4226-95AA-80FBDC186756}.AppStore|x64.ActiveCfg = Debug|Any CPU
		{731ED5E9-B426-4226-95AA-80FBDC186756}.AppStore|x64.Build.0 = Debug|Any CPU
		{731ED5E9-B426-4226-95AA-80FBDC186756}.AppStore|x64.Deploy.0 = Debug|Any CPU
		{731ED5E9-B426-4226-95AA-80FBDC186756}.AppStore|x86.ActiveCfg = Debug|Any CPU
		{731ED5E9-B426-4226-95AA-80FBDC186756}.AppStore|x86.Build.0 = Debug|Any CPU
		{731ED5E9-B426-4226-95AA-80FBDC186756}.AppStore|x86.Deploy.0 = Debug|Any CPU
		{731ED5E9-B426-4226-95AA-80FBDC186756}.Debug|Any CPU.ActiveCfg = Debug|Any CPU
		{731ED5E9-B426-4226-95AA-80FBDC186756}.Debug|Any CPU.Build.0 = Debug|Any CPU
		{731ED5E9-B426-4226-95AA-80FBDC186756}.Debug|Any CPU.Deploy.0 = Debug|Any CPU
		{731ED5E9-B426-4226-95AA-80FBDC186756}.Debug|ARM.ActiveCfg = Debug|Any CPU
		{731ED5E9-B426-4226-95AA-80FBDC186756}.Debug|ARM.Build.0 = Debug|Any CPU
		{731ED5E9-B426-4226-95AA-80FBDC186756}.Debug|ARM.Deploy.0 = Debug|Any CPU
		{731ED5E9-B426-4226-95AA-80FBDC186756}.Debug|iPhone.ActiveCfg = Debug|Any CPU
		{731ED5E9-B426-4226-95AA-80FBDC186756}.Debug|iPhone.Build.0 = Debug|Any CPU
		{731ED5E9-B426-4226-95AA-80FBDC186756}.Debug|iPhone.Deploy.0 = Debug|Any CPU
		{731ED5E9-B426-4226-95AA-80FBDC186756}.Debug|iPhoneSimulator.ActiveCfg = Debug|Any CPU
		{731ED5E9-B426-4226-95AA-80FBDC186756}.Debug|iPhoneSimulator.Build.0 = Debug|Any CPU
		{731ED5E9-B426-4226-95AA-80FBDC186756}.Debug|iPhoneSimulator.Deploy.0 = Debug|Any CPU
		{731ED5E9-B426-4226-95AA-80FBDC186756}.Debug|x64.ActiveCfg = Debug|Any CPU
		{731ED5E9-B426-4226-95AA-80FBDC186756}.Debug|x64.Build.0 = Debug|Any CPU
		{731ED5E9-B426-4226-95AA-80FBDC186756}.Debug|x64.Deploy.0 = Debug|Any CPU
		{731ED5E9-B426-4226-95AA-80FBDC186756}.Debug|x86.ActiveCfg = Debug|Any CPU
		{731ED5E9-B426-4226-95AA-80FBDC186756}.Debug|x86.Build.0 = Debug|Any CPU
		{731ED5E9-B426-4226-95AA-80FBDC186756}.Debug|x86.Deploy.0 = Debug|Any CPU
		{731ED5E9-B426-4226-95AA-80FBDC186756}.Release|Any CPU.ActiveCfg = Release|Any CPU
		{731ED5E9-B426-4226-95AA-80FBDC186756}.Release|Any CPU.Build.0 = Release|Any CPU
		{731ED5E9-B426-4226-95AA-80FBDC186756}.Release|Any CPU.Deploy.0 = Release|Any CPU
		{731ED5E9-B426-4226-95AA-80FBDC186756}.Release|ARM.ActiveCfg = Release|Any CPU
		{731ED5E9-B426-4226-95AA-80FBDC186756}.Release|ARM.Build.0 = Release|Any CPU
		{731ED5E9-B426-4226-95AA-80FBDC186756}.Release|ARM.Deploy.0 = Release|Any CPU
		{731ED5E9-B426-4226-95AA-80FBDC186756}.Release|iPhone.ActiveCfg = Release|Any CPU
		{731ED5E9-B426-4226-95AA-80FBDC186756}.Release|iPhone.Build.0 = Release|Any CPU
		{731ED5E9-B426-4226-95AA-80FBDC186756}.Release|iPhone.Deploy.0 = Release|Any CPU
		{731ED5E9-B426-4226-95AA-80FBDC186756}.Release|iPhoneSimulator.ActiveCfg = Release|Any CPU
		{731ED5E9-B426-4226-95AA-80FBDC186756}.Release|iPhoneSimulator.Build.0 = Release|Any CPU
		{731ED5E9-B426-4226-95AA-80FBDC186756}.Release|iPhoneSimulator.Deploy.0 = Release|Any CPU
		{731ED5E9-B426-4226-95AA-80FBDC186756}.Release|x64.ActiveCfg = Release|Any CPU
		{731ED5E9-B426-4226-95AA-80FBDC186756}.Release|x64.Build.0 = Release|Any CPU
		{731ED5E9-B426-4226-95AA-80FBDC186756}.Release|x64.Deploy.0 = Release|Any CPU
		{731ED5E9-B426-4226-95AA-80FBDC186756}.Release|x86.ActiveCfg = Release|Any CPU
		{731ED5E9-B426-4226-95AA-80FBDC186756}.Release|x86.Build.0 = Release|Any CPU
		{731ED5E9-B426-4226-95AA-80FBDC186756}.Release|x86.Deploy.0 = Release|Any CPU
	EndGlobalSection
	GlobalSection(SolutionProperties) = preSolution
		HideSolutionNode = FALSE
	EndGlobalSection
	GlobalSection(ExtensibilityGlobals) = postSolution
		SolutionGuid = {116B6602-D060-4689-8501-72E3F2CDF5C3}
	EndGlobalSection
EndGlobal
